
Microsoft Visual Studio Solution File, Format Version 12.00
# Visual Studio Version 17
VisualStudioVersion = 17.2.32616.157
MinimumVisualStudioVersion = 10.0.40219.1
Project("{FAE04EC0-301F-11D3-BF4B-00C04F79EFBC}") = "ReflectionExercise", "ReflectionExercise\ReflectionExercise.csproj", "{C3282924-F32A-4865-A230-AED1A7FD831D}"
EndProject
Global
	GlobalSection(SolutionConfigurationPlatforms) = preSolution
		Debug|Any CPU = Debug|Any CPU
		Release|Any CPU = Release|Any CPU
	EndGlobalSection
	GlobalSection(ProjectConfigurationPlatforms) = postSolution
		{C3282924-F32A-4865-A230-AED1A7FD831D}.Debug|Any CPU.ActiveCfg = Debug|Any CPU
		{C3282924-F32A-4865-A230-AED1A7FD831D}.Debug|Any CPU.Build.0 = Debug|Any CPU
		{C3282924-F32A-4865-A230-AED1A7FD831D}.Release|Any CPU.ActiveCfg = Release|Any CPU
		{C3282924-F32A-4865-A230-AED1A7FD831D}.Release|Any CPU.Build.0 = Release|Any CPU
	EndGlobalSection
	GlobalSection(SolutionProperties) = preSolution
		HideSolutionNode = FALSE
	EndGlobalSection
	GlobalSection(ExtensibilityGlobals) = postSolution
		SolutionGuid = {E02ADB20-F7A3-4C97-91C3-53D6D1EB0573}
	EndGlobalSection
EndGlobal
